// !$*UTF8*$!
{
	archiveVersion = 1;
	classes = {
	};
	objectVersion = 48;
	objects = {

/* Begin PBXBuildFile section */
		037981E32EF95CFAB289A867 /* Pods_LBCWeather.framework in Frameworks */ = {isa = PBXBuildFile; fileRef = E1EE2EC663DA076B1BE17BC8 /* Pods_LBCWeather.framework */; };
		6D5324351FB8A1030064FA45 /* APIManagerTests.swift in Sources */ = {isa = PBXBuildFile; fileRef = 6D5324341FB8A1030064FA45 /* APIManagerTests.swift */; };
		6D5324391FB8AE040064FA45 /* APIForecastTests.swift in Sources */ = {isa = PBXBuildFile; fileRef = 6D5324381FB8AE040064FA45 /* APIForecastTests.swift */; };
		6D6FF0D61FB7D880004E85A5 /* AppDelegate.swift in Sources */ = {isa = PBXBuildFile; fileRef = 6D6FF0D51FB7D880004E85A5 /* AppDelegate.swift */; };
		6D6FF0DB1FB7D880004E85A5 /* Main.storyboard in Resources */ = {isa = PBXBuildFile; fileRef = 6D6FF0D91FB7D880004E85A5 /* Main.storyboard */; };
		6D6FF0DE1FB7D880004E85A5 /* LBCWeather.xcdatamodeld in Sources */ = {isa = PBXBuildFile; fileRef = 6D6FF0DC1FB7D880004E85A5 /* LBCWeather.xcdatamodeld */; };
		6D6FF0E01FB7D880004E85A5 /* Assets.xcassets in Resources */ = {isa = PBXBuildFile; fileRef = 6D6FF0DF1FB7D880004E85A5 /* Assets.xcassets */; };
		6D6FF0E31FB7D880004E85A5 /* LaunchScreen.storyboard in Resources */ = {isa = PBXBuildFile; fileRef = 6D6FF0E11FB7D880004E85A5 /* LaunchScreen.storyboard */; };
		6D6FF12B1FB7E4C2004E85A5 /* ForecastListTableViewController.swift in Sources */ = {isa = PBXBuildFile; fileRef = 6D6FF12A1FB7E4C2004E85A5 /* ForecastListTableViewController.swift */; };
		6D6FF12D1FB7E4E7004E85A5 /* ForecastDetailViewController.swift in Sources */ = {isa = PBXBuildFile; fileRef = 6D6FF12C1FB7E4E7004E85A5 /* ForecastDetailViewController.swift */; };
		6D6FF1301FB7E744004E85A5 /* Localizable.strings in Resources */ = {isa = PBXBuildFile; fileRef = 6D6FF1321FB7E744004E85A5 /* Localizable.strings */; };
		6D6FF1351FB7E79B004E85A5 /* Utils.swift in Sources */ = {isa = PBXBuildFile; fileRef = 6D6FF1341FB7E79B004E85A5 /* Utils.swift */; };
		6D6FF1381FB7E942004E85A5 /* ForecastTableViewCell.swift in Sources */ = {isa = PBXBuildFile; fileRef = 6D6FF1371FB7E942004E85A5 /* ForecastTableViewCell.swift */; };
		6D6FF13A1FB7E954004E85A5 /* ActionTableViewCell.swift in Sources */ = {isa = PBXBuildFile; fileRef = 6D6FF1391FB7E954004E85A5 /* ActionTableViewCell.swift */; };
		6D6FF1401FB7EC93004E85A5 /* APIManager.swift in Sources */ = {isa = PBXBuildFile; fileRef = 6D6FF13F1FB7EC93004E85A5 /* APIManager.swift */; };
		6D6FF1461FB894C9004E85A5 /* APIForecast.swift in Sources */ = {isa = PBXBuildFile; fileRef = 6D6FF1451FB894C9004E85A5 /* APIForecast.swift */; };
		6DEF157A1FB8B6D70037E630 /* Forecast+CoreDataClass.swift in Sources */ = {isa = PBXBuildFile; fileRef = 6DEF15781FB8B6D70037E630 /* Forecast+CoreDataClass.swift */; };
		6DEF157B1FB8B6D70037E630 /* Forecast+CoreDataProperties.swift in Sources */ = {isa = PBXBuildFile; fileRef = 6DEF15791FB8B6D70037E630 /* Forecast+CoreDataProperties.swift */; };
		6DEF157D1FB8BBFB0037E630 /* CoreDataManager.swift in Sources */ = {isa = PBXBuildFile; fileRef = 6DEF157C1FB8BBFB0037E630 /* CoreDataManager.swift */; };
		6DEF157F1FB8CDB70037E630 /* Tests.swift in Sources */ = {isa = PBXBuildFile; fileRef = 6DEF157E1FB8CDB70037E630 /* Tests.swift */; };
		6DEF15811FB8D2D60037E630 /* ForecastSplitViewController.swift in Sources */ = {isa = PBXBuildFile; fileRef = 6DEF15801FB8D2D60037E630 /* ForecastSplitViewController.swift */; };
		6DEF15831FB8D7E60037E630 /* LocationManager.swift in Sources */ = {isa = PBXBuildFile; fileRef = 6DEF15821FB8D7E60037E630 /* LocationManager.swift */; };
/* End PBXBuildFile section */

/* Begin PBXContainerItemProxy section */
		6D6FF0EA1FB7D881004E85A5 /* PBXContainerItemProxy */ = {
			isa = PBXContainerItemProxy;
			containerPortal = 6D6FF0CA1FB7D880004E85A5 /* Project object */;
			proxyType = 1;
			remoteGlobalIDString = 6D6FF0D11FB7D880004E85A5;
			remoteInfo = LBCWeather;
		};
/* End PBXContainerItemProxy section */

/* Begin PBXFileReference section */
		5F6E3FD329C8776C99C4D6B2 /* Pods-LBCWeather.release.xcconfig */ = {isa = PBXFileReference; includeInIndex = 1; lastKnownFileType = text.xcconfig; name = "Pods-LBCWeather.release.xcconfig"; path = "Pods/Target Support Files/Pods-LBCWeather/Pods-LBCWeather.release.xcconfig"; sourceTree = "<group>"; };
		6D5324341FB8A1030064FA45 /* APIManagerTests.swift */ = {isa = PBXFileReference; lastKnownFileType = sourcecode.swift; path = APIManagerTests.swift; sourceTree = "<group>"; };
		6D5324381FB8AE040064FA45 /* APIForecastTests.swift */ = {isa = PBXFileReference; lastKnownFileType = sourcecode.swift; path = APIForecastTests.swift; sourceTree = "<group>"; };
		6D6FF0D21FB7D880004E85A5 /* LBCWeather.app */ = {isa = PBXFileReference; explicitFileType = wrapper.application; includeInIndex = 0; path = LBCWeather.app; sourceTree = BUILT_PRODUCTS_DIR; };
		6D6FF0D51FB7D880004E85A5 /* AppDelegate.swift */ = {isa = PBXFileReference; lastKnownFileType = sourcecode.swift; path = AppDelegate.swift; sourceTree = "<group>"; };
		6D6FF0DA1FB7D880004E85A5 /* Base */ = {isa = PBXFileReference; lastKnownFileType = file.storyboard; name = Base; path = Base.lproj/Main.storyboard; sourceTree = "<group>"; };
		6D6FF0DD1FB7D880004E85A5 /* LBCWeather.xcdatamodel */ = {isa = PBXFileReference; lastKnownFileType = wrapper.xcdatamodel; path = LBCWeather.xcdatamodel; sourceTree = "<group>"; };
		6D6FF0DF1FB7D880004E85A5 /* Assets.xcassets */ = {isa = PBXFileReference; lastKnownFileType = folder.assetcatalog; path = Assets.xcassets; sourceTree = "<group>"; };
		6D6FF0E21FB7D880004E85A5 /* Base */ = {isa = PBXFileReference; lastKnownFileType = file.storyboard; name = Base; path = Base.lproj/LaunchScreen.storyboard; sourceTree = "<group>"; };
		6D6FF0E41FB7D880004E85A5 /* Info.plist */ = {isa = PBXFileReference; lastKnownFileType = text.plist.xml; path = Info.plist; sourceTree = "<group>"; };
		6D6FF0E91FB7D881004E85A5 /* LBCWeatherTests.xctest */ = {isa = PBXFileReference; explicitFileType = wrapper.cfbundle; includeInIndex = 0; path = LBCWeatherTests.xctest; sourceTree = BUILT_PRODUCTS_DIR; };
		6D6FF0EF1FB7D881004E85A5 /* Info.plist */ = {isa = PBXFileReference; lastKnownFileType = text.plist.xml; path = Info.plist; sourceTree = "<group>"; };
		6D6FF12A1FB7E4C2004E85A5 /* ForecastListTableViewController.swift */ = {isa = PBXFileReference; lastKnownFileType = sourcecode.swift; path = ForecastListTableViewController.swift; sourceTree = "<group>"; };
		6D6FF12C1FB7E4E7004E85A5 /* ForecastDetailViewController.swift */ = {isa = PBXFileReference; lastKnownFileType = sourcecode.swift; path = ForecastDetailViewController.swift; sourceTree = "<group>"; };
		6D6FF1311FB7E744004E85A5 /* en */ = {isa = PBXFileReference; lastKnownFileType = text.plist.strings; name = en; path = en.lproj/Localizable.strings; sourceTree = "<group>"; };
		6D6FF1331FB7E757004E85A5 /* fr */ = {isa = PBXFileReference; lastKnownFileType = text.plist.strings; name = fr; path = fr.lproj/Localizable.strings; sourceTree = "<group>"; };
		6D6FF1341FB7E79B004E85A5 /* Utils.swift */ = {isa = PBXFileReference; lastKnownFileType = sourcecode.swift; path = Utils.swift; sourceTree = "<group>"; };
		6D6FF1371FB7E942004E85A5 /* ForecastTableViewCell.swift */ = {isa = PBXFileReference; lastKnownFileType = sourcecode.swift; path = ForecastTableViewCell.swift; sourceTree = "<group>"; };
		6D6FF1391FB7E954004E85A5 /* ActionTableViewCell.swift */ = {isa = PBXFileReference; lastKnownFileType = sourcecode.swift; path = ActionTableViewCell.swift; sourceTree = "<group>"; };
		6D6FF13F1FB7EC93004E85A5 /* APIManager.swift */ = {isa = PBXFileReference; lastKnownFileType = sourcecode.swift; path = APIManager.swift; sourceTree = "<group>"; };
		6D6FF1451FB894C9004E85A5 /* APIForecast.swift */ = {isa = PBXFileReference; lastKnownFileType = sourcecode.swift; path = APIForecast.swift; sourceTree = "<group>"; };
		6DEF15781FB8B6D70037E630 /* Forecast+CoreDataClass.swift */ = {isa = PBXFileReference; lastKnownFileType = sourcecode.swift; path = "Forecast+CoreDataClass.swift"; sourceTree = "<group>"; };
		6DEF15791FB8B6D70037E630 /* Forecast+CoreDataProperties.swift */ = {isa = PBXFileReference; lastKnownFileType = sourcecode.swift; path = "Forecast+CoreDataProperties.swift"; sourceTree = "<group>"; };
		6DEF157C1FB8BBFB0037E630 /* CoreDataManager.swift */ = {isa = PBXFileReference; lastKnownFileType = sourcecode.swift; path = CoreDataManager.swift; sourceTree = "<group>"; };
		6DEF157E1FB8CDB70037E630 /* Tests.swift */ = {isa = PBXFileReference; lastKnownFileType = sourcecode.swift; path = Tests.swift; sourceTree = "<group>"; };
		6DEF15801FB8D2D60037E630 /* ForecastSplitViewController.swift */ = {isa = PBXFileReference; lastKnownFileType = sourcecode.swift; path = ForecastSplitViewController.swift; sourceTree = "<group>"; };
		6DEF15821FB8D7E60037E630 /* LocationManager.swift */ = {isa = PBXFileReference; lastKnownFileType = sourcecode.swift; path = LocationManager.swift; sourceTree = "<group>"; };
		E1EE2EC663DA076B1BE17BC8 /* Pods_LBCWeather.framework */ = {isa = PBXFileReference; explicitFileType = wrapper.framework; includeInIndex = 0; path = Pods_LBCWeather.framework; sourceTree = BUILT_PRODUCTS_DIR; };
		F1789373AEE2D60E23BF5BE1 /* Pods-LBCWeather.debug.xcconfig */ = {isa = PBXFileReference; includeInIndex = 1; lastKnownFileType = text.xcconfig; name = "Pods-LBCWeather.debug.xcconfig"; path = "Pods/Target Support Files/Pods-LBCWeather/Pods-LBCWeather.debug.xcconfig"; sourceTree = "<group>"; };
/* End PBXFileReference section */

/* Begin PBXFrameworksBuildPhase section */
		6D6FF0CF1FB7D880004E85A5 /* Frameworks */ = {
			isa = PBXFrameworksBuildPhase;
			buildActionMask = 2147483647;
			files = (
				037981E32EF95CFAB289A867 /* Pods_LBCWeather.framework in Frameworks */,
			);
			runOnlyForDeploymentPostprocessing = 0;
		};
		6D6FF0E61FB7D881004E85A5 /* Frameworks */ = {
			isa = PBXFrameworksBuildPhase;
			buildActionMask = 2147483647;
			files = (
			);
			runOnlyForDeploymentPostprocessing = 0;
		};
/* End PBXFrameworksBuildPhase section */

/* Begin PBXGroup section */
		39F58F081B35B54B350DD2FC /* Frameworks */ = {
			isa = PBXGroup;
			children = (
				E1EE2EC663DA076B1BE17BC8 /* Pods_LBCWeather.framework */,
			);
			name = Frameworks;
			sourceTree = "<group>";
		};
		6D6FF0C91FB7D880004E85A5 = {
			isa = PBXGroup;
			children = (
				6D6FF0D41FB7D880004E85A5 /* LBCWeather */,
				6D6FF0EC1FB7D881004E85A5 /* LBCWeatherTests */,
				6D6FF0D31FB7D880004E85A5 /* Products */,
				C0D1B65A2B6F3291E63986DE /* Pods */,
				39F58F081B35B54B350DD2FC /* Frameworks */,
			);
			sourceTree = "<group>";
		};
		6D6FF0D31FB7D880004E85A5 /* Products */ = {
			isa = PBXGroup;
			children = (
				6D6FF0D21FB7D880004E85A5 /* LBCWeather.app */,
				6D6FF0E91FB7D881004E85A5 /* LBCWeatherTests.xctest */,
			);
			name = Products;
			sourceTree = "<group>";
		};
		6D6FF0D41FB7D880004E85A5 /* LBCWeather */ = {
			isa = PBXGroup;
			children = (
				6D6FF1441FB894B2004E85A5 /* Models */,
				6D6FF13E1FB7EC87004E85A5 /* Managers */,
				6D6FF1361FB7E92F004E85A5 /* Cells */,
				6D6FF1291FB7E488004E85A5 /* Controllers */,
				6D6FF0D51FB7D880004E85A5 /* AppDelegate.swift */,
				6D6FF0D91FB7D880004E85A5 /* Main.storyboard */,
				6D6FF0DF1FB7D880004E85A5 /* Assets.xcassets */,
				6D6FF0E11FB7D880004E85A5 /* LaunchScreen.storyboard */,
				6D6FF0E41FB7D880004E85A5 /* Info.plist */,
				6D6FF1321FB7E744004E85A5 /* Localizable.strings */,
				6D6FF1341FB7E79B004E85A5 /* Utils.swift */,
				6DEF157E1FB8CDB70037E630 /* Tests.swift */,
			);
			path = LBCWeather;
			sourceTree = "<group>";
		};
		6D6FF0EC1FB7D881004E85A5 /* LBCWeatherTests */ = {
			isa = PBXGroup;
			children = (
				6D6FF0EF1FB7D881004E85A5 /* Info.plist */,
				6D5324341FB8A1030064FA45 /* APIManagerTests.swift */,
				6D5324381FB8AE040064FA45 /* APIForecastTests.swift */,
			);
			path = LBCWeatherTests;
			sourceTree = "<group>";
		};
		6D6FF1291FB7E488004E85A5 /* Controllers */ = {
			isa = PBXGroup;
			children = (
				6DEF15801FB8D2D60037E630 /* ForecastSplitViewController.swift */,
				6D6FF12A1FB7E4C2004E85A5 /* ForecastListTableViewController.swift */,
				6D6FF12C1FB7E4E7004E85A5 /* ForecastDetailViewController.swift */,
			);
			path = Controllers;
			sourceTree = "<group>";
		};
		6D6FF1361FB7E92F004E85A5 /* Cells */ = {
			isa = PBXGroup;
			children = (
				6D6FF1371FB7E942004E85A5 /* ForecastTableViewCell.swift */,
				6D6FF1391FB7E954004E85A5 /* ActionTableViewCell.swift */,
			);
			path = Cells;
			sourceTree = "<group>";
		};
		6D6FF13E1FB7EC87004E85A5 /* Managers */ = {
			isa = PBXGroup;
			children = (
				6D6FF13F1FB7EC93004E85A5 /* APIManager.swift */,
				6DEF157C1FB8BBFB0037E630 /* CoreDataManager.swift */,
				6DEF15821FB8D7E60037E630 /* LocationManager.swift */,
			);
			path = Managers;
			sourceTree = "<group>";
		};
		6D6FF1441FB894B2004E85A5 /* Models */ = {
			isa = PBXGroup;
			children = (
				6DEF15781FB8B6D70037E630 /* Forecast+CoreDataClass.swift */,
				6DEF15791FB8B6D70037E630 /* Forecast+CoreDataProperties.swift */,
				6D6FF0DC1FB7D880004E85A5 /* LBCWeather.xcdatamodeld */,
				6D6FF1451FB894C9004E85A5 /* APIForecast.swift */,
			);
			path = Models;
			sourceTree = "<group>";
		};
		C0D1B65A2B6F3291E63986DE /* Pods */ = {
			isa = PBXGroup;
			children = (
				F1789373AEE2D60E23BF5BE1 /* Pods-LBCWeather.debug.xcconfig */,
				5F6E3FD329C8776C99C4D6B2 /* Pods-LBCWeather.release.xcconfig */,
			);
			name = Pods;
			sourceTree = "<group>";
		};
/* End PBXGroup section */

/* Begin PBXNativeTarget section */
		6D6FF0D11FB7D880004E85A5 /* LBCWeather */ = {
			isa = PBXNativeTarget;
			buildConfigurationList = 6D6FF0F21FB7D881004E85A5 /* Build configuration list for PBXNativeTarget "LBCWeather" */;
			buildPhases = (
				BD306F8DB17649E7440ED643 /* [CP] Check Pods Manifest.lock */,
				6D6FF0CE1FB7D880004E85A5 /* Sources */,
				6D6FF0CF1FB7D880004E85A5 /* Frameworks */,
				6D6FF0D01FB7D880004E85A5 /* Resources */,
				E39B6B5CA26438D7223E74AC /* [CP] Embed Pods Frameworks */,
				FEC88C964DC600AC591E4D7B /* [CP] Copy Pods Resources */,
			);
			buildRules = (
			);
			dependencies = (
			);
			name = LBCWeather;
			productName = LBCWeather;
			productReference = 6D6FF0D21FB7D880004E85A5 /* LBCWeather.app */;
			productType = "com.apple.product-type.application";
		};
		6D6FF0E81FB7D881004E85A5 /* LBCWeatherTests */ = {
			isa = PBXNativeTarget;
			buildConfigurationList = 6D6FF0F51FB7D881004E85A5 /* Build configuration list for PBXNativeTarget "LBCWeatherTests" */;
			buildPhases = (
				6D6FF0E51FB7D881004E85A5 /* Sources */,
				6D6FF0E61FB7D881004E85A5 /* Frameworks */,
				6D6FF0E71FB7D881004E85A5 /* Resources */,
			);
			buildRules = (
			);
			dependencies = (
				6D6FF0EB1FB7D881004E85A5 /* PBXTargetDependency */,
			);
			name = LBCWeatherTests;
			productName = LBCWeatherTests;
			productReference = 6D6FF0E91FB7D881004E85A5 /* LBCWeatherTests.xctest */;
			productType = "com.apple.product-type.bundle.unit-test";
		};
/* End PBXNativeTarget section */

/* Begin PBXProject section */
		6D6FF0CA1FB7D880004E85A5 /* Project object */ = {
			isa = PBXProject;
			attributes = {
				LastSwiftUpdateCheck = 0910;
				LastUpgradeCheck = 0910;
				ORGANIZATIONNAME = "Damien Bannerot";
				TargetAttributes = {
					6D6FF0D11FB7D880004E85A5 = {
						CreatedOnToolsVersion = 9.1;
						ProvisioningStyle = Automatic;
					};
					6D6FF0E81FB7D881004E85A5 = {
						CreatedOnToolsVersion = 9.1;
						ProvisioningStyle = Automatic;
						TestTargetID = 6D6FF0D11FB7D880004E85A5;
					};
				};
			};
			buildConfigurationList = 6D6FF0CD1FB7D880004E85A5 /* Build configuration list for PBXProject "LBCWeather" */;
			compatibilityVersion = "Xcode 8.0";
			developmentRegion = en;
			hasScannedForEncodings = 0;
			knownRegions = (
				en,
				Base,
				fr,
			);
			mainGroup = 6D6FF0C91FB7D880004E85A5;
			productRefGroup = 6D6FF0D31FB7D880004E85A5 /* Products */;
			projectDirPath = "";
			projectRoot = "";
			targets = (
				6D6FF0D11FB7D880004E85A5 /* LBCWeather */,
				6D6FF0E81FB7D881004E85A5 /* LBCWeatherTests */,
			);
		};
/* End PBXProject section */

/* Begin PBXResourcesBuildPhase section */
		6D6FF0D01FB7D880004E85A5 /* Resources */ = {
			isa = PBXResourcesBuildPhase;
			buildActionMask = 2147483647;
			files = (
				6D6FF0E31FB7D880004E85A5 /* LaunchScreen.storyboard in Resources */,
				6D6FF1301FB7E744004E85A5 /* Localizable.strings in Resources */,
				6D6FF0E01FB7D880004E85A5 /* Assets.xcassets in Resources */,
				6D6FF0DB1FB7D880004E85A5 /* Main.storyboard in Resources */,
			);
			runOnlyForDeploymentPostprocessing = 0;
		};
		6D6FF0E71FB7D881004E85A5 /* Resources */ = {
			isa = PBXResourcesBuildPhase;
			buildActionMask = 2147483647;
			files = (
			);
			runOnlyForDeploymentPostprocessing = 0;
		};
/* End PBXResourcesBuildPhase section */

/* Begin PBXShellScriptBuildPhase section */
		BD306F8DB17649E7440ED643 /* [CP] Check Pods Manifest.lock */ = {
			isa = PBXShellScriptBuildPhase;
			buildActionMask = 2147483647;
			files = (
			);
			inputPaths = (
				"${PODS_PODFILE_DIR_PATH}/Podfile.lock",
				"${PODS_ROOT}/Manifest.lock",
			);
			name = "[CP] Check Pods Manifest.lock";
			outputPaths = (
				"$(DERIVED_FILE_DIR)/Pods-LBCWeather-checkManifestLockResult.txt",
			);
			runOnlyForDeploymentPostprocessing = 0;
			shellPath = /bin/sh;
			shellScript = "diff \"${PODS_PODFILE_DIR_PATH}/Podfile.lock\" \"${PODS_ROOT}/Manifest.lock\" > /dev/null\nif [ $? != 0 ] ; then\n    # print error to STDERR\n    echo \"error: The sandbox is not in sync with the Podfile.lock. Run 'pod install' or update your CocoaPods installation.\" >&2\n    exit 1\nfi\n# This output is used by Xcode 'outputs' to avoid re-running this script phase.\necho \"SUCCESS\" > \"${SCRIPT_OUTPUT_FILE_0}\"\n";
			showEnvVarsInLog = 0;
		};
		E39B6B5CA26438D7223E74AC /* [CP] Embed Pods Frameworks */ = {
			isa = PBXShellScriptBuildPhase;
			buildActionMask = 2147483647;
			files = (
			);
			inputPaths = (
				"${SRCROOT}/Pods/Target Support Files/Pods-LBCWeather/Pods-LBCWeather-frameworks.sh",
				"${BUILT_PRODUCTS_DIR}/Alamofire/Alamofire.framework",
			);
			name = "[CP] Embed Pods Frameworks";
			outputPaths = (
				"${TARGET_BUILD_DIR}/${FRAMEWORKS_FOLDER_PATH}/Alamofire.framework",
			);
			runOnlyForDeploymentPostprocessing = 0;
			shellPath = /bin/sh;
			shellScript = "\"${SRCROOT}/Pods/Target Support Files/Pods-LBCWeather/Pods-LBCWeather-frameworks.sh\"\n";
			showEnvVarsInLog = 0;
		};
		FEC88C964DC600AC591E4D7B /* [CP] Copy Pods Resources */ = {
			isa = PBXShellScriptBuildPhase;
			buildActionMask = 2147483647;
			files = (
			);
			inputPaths = (
			);
			name = "[CP] Copy Pods Resources";
			outputPaths = (
			);
			runOnlyForDeploymentPostprocessing = 0;
			shellPath = /bin/sh;
			shellScript = "\"${SRCROOT}/Pods/Target Support Files/Pods-LBCWeather/Pods-LBCWeather-resources.sh\"\n";
			showEnvVarsInLog = 0;
		};
/* End PBXShellScriptBuildPhase section */

/* Begin PBXSourcesBuildPhase section */
		6D6FF0CE1FB7D880004E85A5 /* Sources */ = {
			isa = PBXSourcesBuildPhase;
			buildActionMask = 2147483647;
			files = (
				6DEF157A1FB8B6D70037E630 /* Forecast+CoreDataClass.swift in Sources */,
				6D6FF1401FB7EC93004E85A5 /* APIManager.swift in Sources */,
				6DEF15831FB8D7E60037E630 /* LocationManager.swift in Sources */,
				6DEF157B1FB8B6D70037E630 /* Forecast+CoreDataProperties.swift in Sources */,
				6D6FF1461FB894C9004E85A5 /* APIForecast.swift in Sources */,
				6D6FF1381FB7E942004E85A5 /* ForecastTableViewCell.swift in Sources */,
				6D6FF13A1FB7E954004E85A5 /* ActionTableViewCell.swift in Sources */,
				6DEF157D1FB8BBFB0037E630 /* CoreDataManager.swift in Sources */,
				6D6FF1351FB7E79B004E85A5 /* Utils.swift in Sources */,
				6DEF15811FB8D2D60037E630 /* ForecastSplitViewController.swift in Sources */,
				6D6FF0DE1FB7D880004E85A5 /* LBCWeather.xcdatamodeld in Sources */,
				6D6FF12B1FB7E4C2004E85A5 /* ForecastListTableViewController.swift in Sources */,
				6D6FF12D1FB7E4E7004E85A5 /* ForecastDetailViewController.swift in Sources */,
				6DEF157F1FB8CDB70037E630 /* Tests.swift in Sources */,
				6D6FF0D61FB7D880004E85A5 /* AppDelegate.swift in Sources */,
			);
			runOnlyForDeploymentPostprocessing = 0;
		};
		6D6FF0E51FB7D881004E85A5 /* Sources */ = {
			isa = PBXSourcesBuildPhase;
			buildActionMask = 2147483647;
			files = (
				6D5324351FB8A1030064FA45 /* APIManagerTests.swift in Sources */,
				6D5324391FB8AE040064FA45 /* APIForecastTests.swift in Sources */,
			);
			runOnlyForDeploymentPostprocessing = 0;
		};
/* End PBXSourcesBuildPhase section */

/* Begin PBXTargetDependency section */
		6D6FF0EB1FB7D881004E85A5 /* PBXTargetDependency */ = {
			isa = PBXTargetDependency;
			target = 6D6FF0D11FB7D880004E85A5 /* LBCWeather */;
			targetProxy = 6D6FF0EA1FB7D881004E85A5 /* PBXContainerItemProxy */;
		};
/* End PBXTargetDependency section */

/* Begin PBXVariantGroup section */
		6D6FF0D91FB7D880004E85A5 /* Main.storyboard */ = {
			isa = PBXVariantGroup;
			children = (
				6D6FF0DA1FB7D880004E85A5 /* Base */,
			);
			name = Main.storyboard;
			sourceTree = "<group>";
		};
		6D6FF0E11FB7D880004E85A5 /* LaunchScreen.storyboard */ = {
			isa = PBXVariantGroup;
			children = (
				6D6FF0E21FB7D880004E85A5 /* Base */,
			);
			name = LaunchScreen.storyboard;
			sourceTree = "<group>";
		};
		6D6FF1321FB7E744004E85A5 /* Localizable.strings */ = {
			isa = PBXVariantGroup;
			children = (
				6D6FF1311FB7E744004E85A5 /* en */,
				6D6FF1331FB7E757004E85A5 /* fr */,
			);
			name = Localizable.strings;
			sourceTree = "<group>";
		};
/* End PBXVariantGroup section */

/* Begin XCBuildConfiguration section */
		6D6FF0F01FB7D881004E85A5 /* Debug */ = {
			isa = XCBuildConfiguration;
			buildSettings = {
				ALWAYS_SEARCH_USER_PATHS = NO;
				CLANG_ANALYZER_LOCALIZABILITY_NONLOCALIZED = YES;
				CLANG_ANALYZER_NONNULL = YES;
				CLANG_ANALYZER_NUMBER_OBJECT_CONVERSION = YES_AGGRESSIVE;
				CLANG_CXX_LANGUAGE_STANDARD = "gnu++14";
				CLANG_CXX_LIBRARY = "libc++";
				CLANG_ENABLE_MODULES = YES;
				CLANG_ENABLE_OBJC_ARC = YES;
				CLANG_WARN_BLOCK_CAPTURE_AUTORELEASING = YES;
				CLANG_WARN_BOOL_CONVERSION = YES;
				CLANG_WARN_COMMA = YES;
				CLANG_WARN_CONSTANT_CONVERSION = YES;
				CLANG_WARN_DIRECT_OBJC_ISA_USAGE = YES_ERROR;
				CLANG_WARN_DOCUMENTATION_COMMENTS = YES;
				CLANG_WARN_EMPTY_BODY = YES;
				CLANG_WARN_ENUM_CONVERSION = YES;
				CLANG_WARN_INFINITE_RECURSION = YES;
				CLANG_WARN_INT_CONVERSION = YES;
				CLANG_WARN_NON_LITERAL_NULL_CONVERSION = YES;
				CLANG_WARN_OBJC_LITERAL_CONVERSION = YES;
				CLANG_WARN_OBJC_ROOT_CLASS = YES_ERROR;
				CLANG_WARN_RANGE_LOOP_ANALYSIS = YES;
				CLANG_WARN_STRICT_PROTOTYPES = YES;
				CLANG_WARN_SUSPICIOUS_MOVE = YES;
				CLANG_WARN_UNGUARDED_AVAILABILITY = YES_AGGRESSIVE;
				CLANG_WARN_UNREACHABLE_CODE = YES;
				CLANG_WARN__DUPLICATE_METHOD_MATCH = YES;
				CODE_SIGN_IDENTITY = "iPhone Developer";
				COPY_PHASE_STRIP = NO;
				DEBUG_INFORMATION_FORMAT = dwarf;
				ENABLE_STRICT_OBJC_MSGSEND = YES;
				ENABLE_TESTABILITY = YES;
				GCC_C_LANGUAGE_STANDARD = gnu11;
				GCC_DYNAMIC_NO_PIC = NO;
				GCC_NO_COMMON_BLOCKS = YES;
				GCC_OPTIMIZATION_LEVEL = 0;
				GCC_PREPROCESSOR_DEFINITIONS = (
					"DEBUG=1",
					"$(inherited)",
				);
				GCC_WARN_64_TO_32_BIT_CONVERSION = YES;
				GCC_WARN_ABOUT_RETURN_TYPE = YES_ERROR;
				GCC_WARN_UNDECLARED_SELECTOR = YES;
				GCC_WARN_UNINITIALIZED_AUTOS = YES_AGGRESSIVE;
				GCC_WARN_UNUSED_FUNCTION = YES;
				GCC_WARN_UNUSED_VARIABLE = YES;
				IPHONEOS_DEPLOYMENT_TARGET = 11.1;
				MTL_ENABLE_DEBUG_INFO = YES;
				ONLY_ACTIVE_ARCH = YES;
				SDKROOT = iphoneos;
				SWIFT_ACTIVE_COMPILATION_CONDITIONS = DEBUG;
				SWIFT_OPTIMIZATION_LEVEL = "-Onone";
			};
			name = Debug;
		};
		6D6FF0F11FB7D881004E85A5 /* Release */ = {
			isa = XCBuildConfiguration;
			buildSettings = {
				ALWAYS_SEARCH_USER_PATHS = NO;
				CLANG_ANALYZER_LOCALIZABILITY_NONLOCALIZED = YES;
				CLANG_ANALYZER_NONNULL = YES;
				CLANG_ANALYZER_NUMBER_OBJECT_CONVERSION = YES_AGGRESSIVE;
				CLANG_CXX_LANGUAGE_STANDARD = "gnu++14";
				CLANG_CXX_LIBRARY = "libc++";
				CLANG_ENABLE_MODULES = YES;
				CLANG_ENABLE_OBJC_ARC = YES;
				CLANG_WARN_BLOCK_CAPTURE_AUTORELEASING = YES;
				CLANG_WARN_BOOL_CONVERSION = YES;
				CLANG_WARN_COMMA = YES;
				CLANG_WARN_CONSTANT_CONVERSION = YES;
				CLANG_WARN_DIRECT_OBJC_ISA_USAGE = YES_ERROR;
				CLANG_WARN_DOCUMENTATION_COMMENTS = YES;
				CLANG_WARN_EMPTY_BODY = YES;
				CLANG_WARN_ENUM_CONVERSION = YES;
				CLANG_WARN_INFINITE_RECURSION = YES;
				CLANG_WARN_INT_CONVERSION = YES;
				CLANG_WARN_NON_LITERAL_NULL_CONVERSION = YES;
				CLANG_WARN_OBJC_LITERAL_CONVERSION = YES;
				CLANG_WARN_OBJC_ROOT_CLASS = YES_ERROR;
				CLANG_WARN_RANGE_LOOP_ANALYSIS = YES;
				CLANG_WARN_STRICT_PROTOTYPES = YES;
				CLANG_WARN_SUSPICIOUS_MOVE = YES;
				CLANG_WARN_UNGUARDED_AVAILABILITY = YES_AGGRESSIVE;
				CLANG_WARN_UNREACHABLE_CODE = YES;
				CLANG_WARN__DUPLICATE_METHOD_MATCH = YES;
				CODE_SIGN_IDENTITY = "iPhone Developer";
				COPY_PHASE_STRIP = NO;
				DEBUG_INFORMATION_FORMAT = "dwarf-with-dsym";
				ENABLE_NS_ASSERTIONS = NO;
				ENABLE_STRICT_OBJC_MSGSEND = YES;
				GCC_C_LANGUAGE_STANDARD = gnu11;
				GCC_NO_COMMON_BLOCKS = YES;
				GCC_WARN_64_TO_32_BIT_CONVERSION = YES;
				GCC_WARN_ABOUT_RETURN_TYPE = YES_ERROR;
				GCC_WARN_UNDECLARED_SELECTOR = YES;
				GCC_WARN_UNINITIALIZED_AUTOS = YES_AGGRESSIVE;
				GCC_WARN_UNUSED_FUNCTION = YES;
				GCC_WARN_UNUSED_VARIABLE = YES;
				IPHONEOS_DEPLOYMENT_TARGET = 11.1;
				MTL_ENABLE_DEBUG_INFO = NO;
				SDKROOT = iphoneos;
				SWIFT_OPTIMIZATION_LEVEL = "-Owholemodule";
				VALIDATE_PRODUCT = YES;
			};
			name = Release;
		};
		6D6FF0F31FB7D881004E85A5 /* Debug */ = {
			isa = XCBuildConfiguration;
			baseConfigurationReference = F1789373AEE2D60E23BF5BE1 /* Pods-LBCWeather.debug.xcconfig */;
			buildSettings = {
				ASSETCATALOG_COMPILER_APPICON_NAME = AppIcon;
				CODE_SIGN_STYLE = Automatic;
				DEVELOPMENT_TEAM = B6V5UMD87T;
				INFOPLIST_FILE = LBCWeather/Info.plist;
				IPHONEOS_DEPLOYMENT_TARGET = 11.0;
				LD_RUNPATH_SEARCH_PATHS = "$(inherited) @executable_path/Frameworks ${SRCROOT}";
				PRODUCT_BUNDLE_IDENTIFIER = me.damienbannerot.LBCWeather;
				PRODUCT_NAME = "$(TARGET_NAME)";
				SWIFT_VERSION = 4.0;
				TARGETED_DEVICE_FAMILY = "1,2";
			};
			name = Debug;
		};
		6D6FF0F41FB7D881004E85A5 /* Release */ = {
			isa = XCBuildConfiguration;
			baseConfigurationReference = 5F6E3FD329C8776C99C4D6B2 /* Pods-LBCWeather.release.xcconfig */;
			buildSettings = {
				ASSETCATALOG_COMPILER_APPICON_NAME = AppIcon;
				CODE_SIGN_STYLE = Automatic;
				DEVELOPMENT_TEAM = B6V5UMD87T;
				INFOPLIST_FILE = LBCWeather/Info.plist;
				IPHONEOS_DEPLOYMENT_TARGET = 11.0;
				LD_RUNPATH_SEARCH_PATHS = "$(inherited) @executable_path/Frameworks ${SRCROOT}";
				PRODUCT_BUNDLE_IDENTIFIER = me.damienbannerot.LBCWeather;
				PRODUCT_NAME = "$(TARGET_NAME)";
				SWIFT_VERSION = 4.0;
				TARGETED_DEVICE_FAMILY = "1,2";
			};
			name = Release;
		};
		6D6FF0F61FB7D881004E85A5 /* Debug */ = {
			isa = XCBuildConfiguration;
			buildSettings = {
				ALWAYS_EMBED_SWIFT_STANDARD_LIBRARIES = YES;
				BUNDLE_LOADER = "$(TEST_HOST)";
				CODE_SIGN_STYLE = Automatic;
				DEVELOPMENT_TEAM = B6V5UMD87T;
				INFOPLIST_FILE = LBCWeatherTests/Info.plist;
				LD_RUNPATH_SEARCH_PATHS = "$(inherited) @executable_path/Frameworks @loader_path/Frameworks";
				PRODUCT_BUNDLE_IDENTIFIER = me.damienbannerot.LBCWeatherTests;
				PRODUCT_NAME = "$(TARGET_NAME)";
				SWIFT_VERSION = 4.0;
				TARGETED_DEVICE_FAMILY = "1,2";
				TEST_HOST = "$(BUILT_PRODUCTS_DIR)/LBCWeather.app/LBCWeather";
			};
			name = Debug;
		};
		6D6FF0F71FB7D881004E85A5 /* Release */ = {
			isa = XCBuildConfiguration;
			buildSettings = {
				ALWAYS_EMBED_SWIFT_STANDARD_LIBRARIES = YES;
				BUNDLE_LOADER = "$(TEST_HOST)";
				CODE_SIGN_STYLE = Automatic;
				DEVELOPMENT_TEAM = B6V5UMD87T;
				INFOPLIST_FILE = LBCWeatherTests/Info.plist;
				LD_RUNPATH_SEARCH_PATHS = "$(inherited) @executable_path/Frameworks @loader_path/Frameworks";
				PRODUCT_BUNDLE_IDENTIFIER = me.damienbannerot.LBCWeatherTests;
				PRODUCT_NAME = "$(TARGET_NAME)";
				SWIFT_VERSION = 4.0;
				TARGETED_DEVICE_FAMILY = "1,2";
				TEST_HOST = "$(BUILT_PRODUCTS_DIR)/LBCWeather.app/LBCWeather";
			};
			name = Release;
		};
/* End XCBuildConfiguration section */

/* Begin XCConfigurationList section */
		6D6FF0CD1FB7D880004E85A5 /* Build configuration list for PBXProject "LBCWeather" */ = {
			isa = XCConfigurationList;
			buildConfigurations = (
				6D6FF0F01FB7D881004E85A5 /* Debug */,
				6D6FF0F11FB7D881004E85A5 /* Release */,
			);
			defaultConfigurationIsVisible = 0;
			defaultConfigurationName = Release;
		};
		6D6FF0F21FB7D881004E85A5 /* Build configuration list for PBXNativeTarget "LBCWeather" */ = {
			isa = XCConfigurationList;
			buildConfigurations = (
				6D6FF0F31FB7D881004E85A5 /* Debug */,
				6D6FF0F41FB7D881004E85A5 /* Release */,
			);
			defaultConfigurationIsVisible = 0;
			defaultConfigurationName = Release;
		};
		6D6FF0F51FB7D881004E85A5 /* Build configuration list for PBXNativeTarget "LBCWeatherTests" */ = {
			isa = XCConfigurationList;
			buildConfigurations = (
				6D6FF0F61FB7D881004E85A5 /* Debug */,
				6D6FF0F71FB7D881004E85A5 /* Release */,
			);
			defaultConfigurationIsVisible = 0;
			defaultConfigurationName = Release;
		};
/* End XCConfigurationList section */

/* Begin XCVersionGroup section */
		6D6FF0DC1FB7D880004E85A5 /* LBCWeather.xcdatamodeld */ = {
			isa = XCVersionGroup;
			children = (
				6D6FF0DD1FB7D880004E85A5 /* LBCWeather.xcdatamodel */,
			);
			currentVersion = 6D6FF0DD1FB7D880004E85A5 /* LBCWeather.xcdatamodel */;
			path = LBCWeather.xcdatamodeld;
			sourceTree = "<group>";
			versionGroupType = wrapper.xcdatamodel;
		};
/* End XCVersionGroup section */
	};
	rootObject = 6D6FF0CA1FB7D880004E85A5 /* Project object */;
}
